
Microsoft Visual Studio Solution File, Format Version 12.00
# Visual Studio Version 17
VisualStudioVersion = 17.9.34728.123
MinimumVisualStudioVersion = 10.0.40219.1
Project("{FAE04EC0-301F-11D3-BF4B-00C04F79EFBC}") = "Loggin Console App", "Loggin Console App.csproj", "{AE685E19-9732-4242-A3A3-98699EA51DF2}"
EndProject
Global
	GlobalSection(SolutionConfigurationPlatforms) = preSolution
		Debug|Any CPU = Debug|Any CPU
		Release|Any CPU = Release|Any CPU
	EndGlobalSection
	GlobalSection(ProjectConfigurationPlatforms) = postSolution
		{AE685E19-9732-4242-A3A3-98699EA51DF2}.Debug|Any CPU.ActiveCfg = Debug|Any CPU
		{AE685E19-9732-4242-A3A3-98699EA51DF2}.Debug|Any CPU.Build.0 = Debug|Any CPU
		{AE685E19-9732-4242-A3A3-98699EA51DF2}.Release|Any CPU.ActiveCfg = Release|Any CPU
		{AE685E19-9732-4242-A3A3-98699EA51DF2}.Release|Any CPU.Build.0 = Release|Any CPU
	EndGlobalSection
	GlobalSection(SolutionProperties) = preSolution
		HideSolutionNode = FALSE
	EndGlobalSection
	GlobalSection(ExtensibilityGlobals) = postSolution
		SolutionGuid = {514B1944-3922-4427-8640-9162EF73B53A}
	EndGlobalSection
EndGlobal
